{
  "version": 2,
  "dependencies": {
    "net10.0": {
      "Azure.Core": {
        "type": "Transitive",
        "resolved": "1.62.0",
        "contentHash": "C0ijs91ZW2uhF/VwGLXeayb+RwTWhDxKnrsmqPWg5HkYtPQ93mzaydyMCjAzE0AG5yHc1bpaPc+NPlZUgz3w8g==",
        "dependencies": {
          "Microsoft.Bcl.AsyncInterfaces": "10.0.10",
          "Microsoft.Identity.Client": "4.84.2",
          "Microsoft.Identity.Client.Extensions.Msal": "4.84.2",
          "System.ClientModel": "1.15.0",
          "System.Memory.Data": "10.0.10"
        }
      },
      "Azure.Core.Amqp": {
        "type": "Transitive",
        "resolved": "1.3.1",
        "contentHash": "AY1ZM4WwLBb9L2WwQoWs7wS2XKYg83tp3yVVdgySdebGN0FuIszuEqCy3Nhv6qHpbkjx/NGuOTsUbF/oNGBgwA==",
        "dependencies": {
          "Microsoft.Azure.Amqp": "2.6.7",
          "System.Memory.Data": "1.0.2"
        }
      },
      "Azure.Identity": {
        "type": "Transitive",
        "resolved": "1.21.0",
        "contentHash": "GeFv8sGwRKvDKwI2WFy8r0mhmlxEVZg24Sit2NogTjiSO8RVjllWM65OT6e1sKjOvG8V74y7hAbaELUUPjZQSw==",
        "dependencies": {
          "Azure.Core": "1.53.0"
        }
      },
      "Azure.Messaging.ServiceBus": {
        "type": "Transitive",
        "resolved": "7.21.0",
        "contentHash": "ohX6LPD0ykJciyjAHrsF92vqL7GWXjRqUon2vaZ4pg0H+5TdO7S/9zWcmi5OBpcgP6oBxs/RfHvts9YaL/SAMg==",
        "dependencies": {
          "Azure.Core": "1.62.0",
          "Azure.Core.Amqp": "1.3.1",
          "Microsoft.Azure.Amqp": "2.7.0"
        }
      },
      "MassTransit.Abstractions": {
        "type": "Transitive",
        "resolved": "8.5.11",
        "contentHash": "NVPW88Ge9vFlPboZCDTDsXKUOJygD76HAA3JBIC68XVFWzJ4X2mxDx20jCoFeA3xU9dj3jnNAvHwvIcEuc6zRg=="
      },
      "Microsoft.Azure.Amqp": {
        "type": "Transitive",
        "resolved": "2.7.0",
        "contentHash": "gm/AEakujttMzrDhZ5QpRz3fICVkYDn/oDG9SmxDP+J7R8JDBXYU9WWG7hr6wQy40mY+wjUF0yUGXDPRDRNJwQ=="
      },
      "Microsoft.Bcl.AsyncInterfaces": {
        "type": "Transitive",
        "resolved": "10.0.10",
        "contentHash": "TFI6OKYE1XZz4SGuTSH70c6SBdPpFktXsoa1gCxTr3mKrhmXirnvaS0tKz+J3ZWICEAmMpEGn59nO4ICtUpQXA=="
      },
      "Microsoft.Identity.Client": {
        "type": "Transitive",
        "resolved": "4.84.2",
        "contentHash": "Va9FjmABSgj/lcUfHH0pBNQkmS7SNyepz2ERV7Yynp6QgEYpFdSqR6Vzy1WWipN8GS5pBHuXoZbqaDWuARCrHQ==",
        "dependencies": {
          "Microsoft.IdentityModel.Abstractions": "8.14.0"
        }
      },
      "Microsoft.Identity.Client.Extensions.Msal": {
        "type": "Transitive",
        "resolved": "4.84.2",
        "contentHash": "+D98LaU3dOu/Nzs6kgbBJapMvH7iwYcAeC99XwSkpmEadsPv6rozecOl9P6m4A3RfpOuPt9e6J6TwwUUp3+M4w==",
        "dependencies": {
          "Microsoft.Identity.Client": "4.84.2",
          "System.Security.Cryptography.ProtectedData": "4.5.0"
        }
      },
      "Microsoft.IdentityModel.Abstractions": {
        "type": "Transitive",
        "resolved": "8.14.0",
        "contentHash": "iwbCpSjD3ehfTwBhtSNEtKPK0ICun6ov7Ibx6ISNA9bfwIyzI2Siwyi9eJFCJBwxowK9xcA1mj+jBWiigeqgcQ=="
      },
      "RabbitMQ.Client": {
        "type": "Transitive",
        "resolved": "7.2.2",
        "contentHash": "k4b6RnTXpLbsF96V93ooNYxgPMnoA2tEm24B6AXNJr1mG8wwNYdA1XJtgU66L5xqeGyveS7SJriRzlX3cbqQNA=="
      },
      "System.ClientModel": {
        "type": "Transitive",
        "resolved": "1.15.0",
        "contentHash": "y6zQLInrpX+oGL1gXM04DrUSu1O1esWxt4rD/zrujTnzIFChn/noD1OiVVpTrU8ZvglwqO2Uw038svUR3SiAOg==",
        "dependencies": {
          "System.Memory.Data": "10.0.9"
        }
      },
      "System.Memory.Data": {
        "type": "Transitive",
        "resolved": "10.0.10",
        "contentHash": "roR+5AeOpflUxJQlqSfsZs/Bvi1uw4KBuTkIgF1e8l0RdalG4AUn84+sjJLclEfOV85gAjc8+Pp540qjDE5UIg=="
      },
      "System.Security.Cryptography.ProtectedData": {
        "type": "Transitive",
        "resolved": "4.5.0",
        "contentHash": "wLBKzFnDCxP12VL9ANydSYhk59fC4cvOr9ypYQLPnAj48NQIhqnjdD2yhP8yEKyBJEjERWS9DisKL7rX5eU25Q=="
      },
      "queues": {
        "type": "Project",
        "dependencies": {
          "MassTransit": "[8.5.11, )",
          "MassTransit.Azure.ServiceBus.Core": "[8.5.11, )",
          "MassTransit.RabbitMQ": "[8.5.11, )"
        }
      },
      "MassTransit": {
        "type": "CentralTransitive",
        "requested": "[8.5.11, )",
        "resolved": "8.5.11",
        "contentHash": "zQDMTrxSfZDseZerNZV16K+TO2XOQYKUl+l/CoaJFjzzl2M+1ZVY7F5i8srnVP034fiX69vzaQxEup2GSK38kw==",
        "dependencies": {
          "MassTransit.Abstractions": "8.5.11"
        }
      },
      "MassTransit.Azure.ServiceBus.Core": {
        "type": "CentralTransitive",
        "requested": "[8.5.11, )",
        "resolved": "8.5.11",
        "contentHash": "XrH9L7UAOKD0Os1WwnikBaiM3ivazCig853fipTO35zKEhCamGIYrZPiEmFkJT+d4v0Ia5j7RSYyRAMUCBtn5A==",
        "dependencies": {
          "Azure.Identity": "1.21.0",
          "Azure.Messaging.ServiceBus": "7.21.0",
          "MassTransit": "8.5.11"
        }
      },
      "MassTransit.RabbitMQ": {
        "type": "CentralTransitive",
        "requested": "[8.5.11, )",
        "resolved": "8.5.11",
        "contentHash": "68a2b831qC8UKbw3aaC0CJs+xIevuNQMy5zA8qHbWBFYJho/bRxMJ+lHUgBByU6Pi994IGyE21pC2y6RqMC4kQ==",
        "dependencies": {
          "MassTransit": "8.5.11",
          "RabbitMQ.Client": "7.2.2"
        }
      }
    }
  }
}